{
  "name": "odrive",
  "version": "0.0.5",
  "lockfileVersion": 2,
  "requires": true,
  "packages": {
    "": {
      "version": "0.0.5",
      "license": "MIT",
      "dependencies": {
        "@primeeuler/fibre": "file:../fibre",
        "int64-buffer": "^0.99.1007"
      }
    },
    "../fibre": {
      "version": "0.0.4",
      "license": "MIT",
      "dependencies": {
        "usb": "^2.1.2"
      }
    },
    "node_modules/@primeeuler/fibre": {
      "resolved": "../fibre",
      "link": true
    },
    "node_modules/int64-buffer": {
      "version": "0.99.1007",
      "resolved": "https://registry.npmjs.org/int64-buffer/-/int64-buffer-0.99.1007.tgz",
      "integrity": "sha512-XDBEu44oSTqlvCSiOZ/0FoUkpWu/vwjJLGSKDabNISPQNZ5wub1FodGHBljRsrR0IXRPq7SslshZYMuA55CgTQ==",
      "engines": {
        "node": ">= 4.5.0"
      }
    }
  },
  "dependencies": {
    "@primeeuler/fibre": {
      "version": "file:../fibre",
      "requires": {
        "usb": "^2.1.2"
      }
    },
    "int64-buffer": {
      "version": "0.99.1007",
      "resolved": "https://registry.npmjs.org/int64-buffer/-/int64-buffer-0.99.1007.tgz",
      "integrity": "sha512-XDBEu44oSTqlvCSiOZ/0FoUkpWu/vwjJLGSKDabNISPQNZ5wub1FodGHBljRsrR0IXRPq7SslshZYMuA55CgTQ=="
    }
  }
}
